// !$*UTF8*$!
{
	archiveVersion = 1;
	classes = {
	};
	objectVersion = 48;
	objects = {

/* Begin PBXBuildFile section */
		10EAECD31F2EB28500B7589A /* AppDelegate.swift in Sources */ = {isa = PBXBuildFile; fileRef = 10EAECD21F2EB28500B7589A /* AppDelegate.swift */; };
		10EAECD81F2EB28500B7589A /* Main.storyboard in Resources */ = {isa = PBXBuildFile; fileRef = 10EAECD61F2EB28500B7589A /* Main.storyboard */; };
		10EAECDA1F2EB28500B7589A /* Assets.xcassets in Resources */ = {isa = PBXBuildFile; fileRef = 10EAECD91F2EB28500B7589A /* Assets.xcassets */; };
		10EAECDD1F2EB28500B7589A /* LaunchScreen.storyboard in Resources */ = {isa = PBXBuildFile; fileRef = 10EAECDB1F2EB28500B7589A /* LaunchScreen.storyboard */; };
		10EAECE51F2EB2A000B7589A /* TableViewController.swift in Sources */ = {isa = PBXBuildFile; fileRef = 10EAECE41F2EB2A000B7589A /* TableViewController.swift */; };
/* End PBXBuildFile section */

/* Begin PBXFileReference section */
		10EAECCF1F2EB28500B7589A /* EnumTableViewSection.app */ = {isa = PBXFileReference; explicitFileType = wrapper.application; includeInIndex = 0; path = EnumTableViewSection.app; sourceTree = BUILT_PRODUCTS_DIR; };
		10EAECD21F2EB28500B7589A /* AppDelegate.swift */ = {isa = PBXFileReference; lastKnownFileType = sourcecode.swift; path = AppDelegate.swift; sourceTree = "<group>"; };
		10EAECD71F2EB28500B7589A /* Base */ = {isa = PBXFileReference; lastKnownFileType = file.storyboard; name = Base; path = Base.lproj/Main.storyboard; sourceTree = "<group>"; };
		10EAECD91F2EB28500B7589A /* Assets.xcassets */ = {isa = PBXFileReference; lastKnownFileType = folder.assetcatalog; path = Assets.xcassets; sourceTree = "<group>"; };
		10EAECDC1F2EB28500B7589A /* Base */ = {isa = PBXFileReference; lastKnownFileType = file.storyboard; name = Base; path = Base.lproj/LaunchScreen.storyboard; sourceTree = "<group>"; };
		10EAECDE1F2EB28500B7589A /* Info.plist */ = {isa = PBXFileReference; lastKnownFileType = text.plist.xml; path = Info.plist; sourceTree = "<group>"; };
		10EAECE41F2EB2A000B7589A /* TableViewController.swift */ = {isa = PBXFileReference; lastKnownFileType = sourcecode.swift; path = TableViewController.swift; sourceTree = "<group>"; };
/* End PBXFileReference section */

/* Begin PBXFrameworksBuildPhase section */
		10EAECCC1F2EB28500B7589A /* Frameworks */ = {
			isa = PBXFrameworksBuildPhase;
			buildActionMask = 2147483647;
			files = (
			);
			runOnlyForDeploymentPostprocessing = 0;
		};
/* End PBXFrameworksBuildPhase section */

/* Begin PBXGroup section */
		10EAECC61F2EB28500B7589A = {
			isa = PBXGroup;
			children = (
				10EAECD11F2EB28500B7589A /* EnumTableViewSection */,
				10EAECD01F2EB28500B7589A /* Products */,
			);
			sourceTree = "<group>";
		};
		10EAECD01F2EB28500B7589A /* Products */ = {
			isa = PBXGroup;
			children = (
				10EAECCF1F2EB28500B7589A /* EnumTableViewSection.app */,
			);
			name = Products;
			sourceTree = "<group>";
		};
		10EAECD11F2EB28500B7589A /* EnumTableViewSection */ = {
			isa = PBXGroup;
			children = (
				10EAECD21F2EB28500B7589A /* AppDelegate.swift */,
				10EAECE41F2EB2A000B7589A /* TableViewController.swift */,
				10EAECD61F2EB28500B7589A /* Main.storyboard */,
				10EAECD91F2EB28500B7589A /* Assets.xcassets */,
				10EAECDB1F2EB28500B7589A /* LaunchScreen.storyboard */,
				10EAECDE1F2EB28500B7589A /* Info.plist */,
			);
			path = EnumTableViewSection;
			sourceTree = "<group>";
		};
/* End PBXGroup section */

/* Begin PBXNativeTarget section */
		10EAECCE1F2EB28500B7589A /* EnumTableViewSection */ = {
			isa = PBXNativeTarget;
			buildConfigurationList = 10EAECE11F2EB28500B7589A /* Build configuration list for PBXNativeTarget "EnumTableViewSection" */;
			buildPhases = (
				10EAECCB1F2EB28500B7589A /* Sources */,
				10EAECCC1F2EB28500B7589A /* Frameworks */,
				10EAECCD1F2EB28500B7589A /* Resources */,
			);
			buildRules = (
			);
			dependencies = (
			);
			name = EnumTableViewSection;
			productName = EnumTableViewSection;
			productReference = 10EAECCF1F2EB28500B7589A /* EnumTableViewSection.app */;
			productType = "com.apple.product-type.application";
		};
/* End PBXNativeTarget section */

/* Begin PBXProject section */
		10EAECC71F2EB28500B7589A /* Project object */ = {
			isa = PBXProject;
			attributes = {
				LastSwiftUpdateCheck = 0900;
				LastUpgradeCheck = 0900;
				ORGANIZATIONNAME = "Chung Sama";
				TargetAttributes = {
					10EAECCE1F2EB28500B7589A = {
						CreatedOnToolsVersion = 9.0;
					};
				};
			};
			buildConfigurationList = 10EAECCA1F2EB28500B7589A /* Build configuration list for PBXProject "EnumTableViewSection" */;
			compatibilityVersion = "Xcode 8.0";
			developmentRegion = en;
			hasScannedForEncodings = 0;
			knownRegions = (
				en,
				Base,
			);
			mainGroup = 10EAECC61F2EB28500B7589A;
			productRefGroup = 10EAECD01F2EB28500B7589A /* Products */;
			projectDirPath = "";
			projectRoot = "";
			targets = (
				10EAECCE1F2EB28500B7589A /* EnumTableViewSection */,
			);
		};
/* End PBXProject section */

/* Begin PBXResourcesBuildPhase section */
		10EAECCD1F2EB28500B7589A /* Resources */ = {
			isa = PBXResourcesBuildPhase;
			buildActionMask = 2147483647;
			files = (
				10EAECDD1F2EB28500B7589A /* LaunchScreen.storyboard in Resources */,
				10EAECDA1F2EB28500B7589A /* Assets.xcassets in Resources */,
				10EAECD81F2EB28500B7589A /* Main.storyboard in Resources */,
			);
			runOnlyForDeploymentPostprocessing = 0;
		};
/* End PBXResourcesBuildPhase section */

/* Begin PBXSourcesBuildPhase section */
		10EAECCB1F2EB28500B7589A /* Sources */ = {
			isa = PBXSourcesBuildPhase;
			buildActionMask = 2147483647;
			files = (
				10EAECD31F2EB28500B7589A /* AppDelegate.swift in Sources */,
				10EAECE51F2EB2A000B7589A /* TableViewController.swift in Sources */,
			);
			runOnlyForDeploymentPostprocessing = 0;
		};
/* End PBXSourcesBuildPhase section */

/* Begin PBXVariantGroup section */
		10EAECD61F2EB28500B7589A /* Main.storyboard */ = {
			isa = PBXVariantGroup;
			children = (
				10EAECD71F2EB28500B7589A /* Base */,
			);
			name = Main.storyboard;
			sourceTree = "<group>";
		};
		10EAECDB1F2EB28500B7589A /* LaunchScreen.storyboard */ = {
			isa = PBXVariantGroup;
			children = (
				10EAECDC1F2EB28500B7589A /* Base */,
			);
			name = LaunchScreen.storyboard;
			sourceTree = "<group>";
		};
/* End PBXVariantGroup section */

/* Begin XCBuildConfiguration section */
		10EAECDF1F2EB28500B7589A /* Debug */ = {
			isa = XCBuildConfiguration;
			buildSettings = {
				ALWAYS_SEARCH_USER_PATHS = NO;
				CLANG_ANALYZER_NONNULL = YES;
				CLANG_ANALYZER_NUMBER_OBJECT_CONVERSION = YES_AGGRESSIVE;
				CLANG_CXX_LANGUAGE_STANDARD = "gnu++14";
				CLANG_CXX_LIBRARY = "libc++";
				CLANG_ENABLE_MODULES = YES;
				CLANG_ENABLE_OBJC_ARC = YES;
				CLANG_WARN_BLOCK_CAPTURE_AUTORELEASING = YES;
				CLANG_WARN_BOOL_CONVERSION = YES;
				CLANG_WARN_COMMA = YES;
				CLANG_WARN_CONSTANT_CONVERSION = YES;
				CLANG_WARN_DIRECT_OBJC_ISA_USAGE = YES_ERROR;
				CLANG_WARN_DOCUMENTATION_COMMENTS = YES;
				CLANG_WARN_EMPTY_BODY = YES;
				CLANG_WARN_ENUM_CONVERSION = YES;
				CLANG_WARN_INFINITE_RECURSION = YES;
				CLANG_WARN_INT_CONVERSION = YES;
				CLANG_WARN_NON_LITERAL_NULL_CONVERSION = YES;
				CLANG_WARN_OBJC_LITERAL_CONVERSION = YES;
				CLANG_WARN_OBJC_ROOT_CLASS = YES_ERROR;
				CLANG_WARN_RANGE_LOOP_ANALYSIS = YES;
				CLANG_WARN_STRICT_PROTOTYPES = YES;
				CLANG_WARN_SUSPICIOUS_MOVE = YES;
				CLANG_WARN_UNGUARDED_AVAILABILITY = YES_AGGRESSIVE;
				CLANG_WARN_UNREACHABLE_CODE = YES;
				CLANG_WARN__DUPLICATE_METHOD_MATCH = YES;
				CODE_SIGN_IDENTITY = "iPhone Developer";
				COPY_PHASE_STRIP = NO;
				DEBUG_INFORMATION_FORMAT = dwarf;
				ENABLE_STRICT_OBJC_MSGSEND = YES;
				ENABLE_TESTABILITY = YES;
				GCC_C_LANGUAGE_STANDARD = gnu11;
				GCC_DYNAMIC_NO_PIC = NO;
				GCC_NO_COMMON_BLOCKS = YES;
				GCC_OPTIMIZATION_LEVEL = 0;
				GCC_PREPROCESSOR_DEFINITIONS = (
					"DEBUG=1",
					"$(inherited)",
				);
				GCC_WARN_64_TO_32_BIT_CONVERSION = YES;
				GCC_WARN_ABOUT_RETURN_TYPE = YES_ERROR;
				GCC_WARN_UNDECLARED_SELECTOR = YES;
				GCC_WARN_UNINITIALIZED_AUTOS = YES_AGGRESSIVE;
				GCC_WARN_UNUSED_FUNCTION = YES;
				GCC_WARN_UNUSED_VARIABLE = YES;
				IPHONEOS_DEPLOYMENT_TARGET = 11.0;
				MTL_ENABLE_DEBUG_INFO = YES;
				ONLY_ACTIVE_ARCH = YES;
				SDKROOT = iphoneos;
				SWIFT_ACTIVE_COMPILATION_CONDITIONS = DEBUG;
				SWIFT_OPTIMIZATION_LEVEL = "-Onone";
			};
			name = Debug;
		};
		10EAECE01F2EB28500B7589A /* Release */ = {
			isa = XCBuildConfiguration;
			buildSettings = {
				ALWAYS_SEARCH_USER_PATHS = NO;
				CLANG_ANALYZER_NONNULL = YES;
				CLANG_ANALYZER_NUMBER_OBJECT_CONVERSION = YES_AGGRESSIVE;
				CLANG_CXX_LANGUAGE_STANDARD = "gnu++14";
				CLANG_CXX_LIBRARY = "libc++";
				CLANG_ENABLE_MODULES = YES;
				CLANG_ENABLE_OBJC_ARC = YES;
				CLANG_WARN_BLOCK_CAPTURE_AUTORELEASING = YES;
				CLANG_WARN_BOOL_CONVERSION = YES;
				CLANG_WARN_COMMA = YES;
				CLANG_WARN_CONSTANT_CONVERSION = YES;
				CLANG_WARN_DIRECT_OBJC_ISA_USAGE = YES_ERROR;
				CLANG_WARN_DOCUMENTATION_COMMENTS = YES;
				CLANG_WARN_EMPTY_BODY = YES;
				CLANG_WARN_ENUM_CONVERSION = YES;
				CLANG_WARN_INFINITE_RECURSION = YES;
				CLANG_WARN_INT_CONVERSION = YES;
				CLANG_WARN_NON_LITERAL_NULL_CONVERSION = YES;
				CLANG_WARN_OBJC_LITERAL_CONVERSION = YES;
				CLANG_WARN_OBJC_ROOT_CLASS = YES_ERROR;
				CLANG_WARN_RANGE_LOOP_ANALYSIS = YES;
				CLANG_WARN_STRICT_PROTOTYPES = YES;
				CLANG_WARN_SUSPICIOUS_MOVE = YES;
				CLANG_WARN_UNGUARDED_AVAILABILITY = YES_AGGRESSIVE;
				CLANG_WARN_UNREACHABLE_CODE = YES;
				CLANG_WARN__DUPLICATE_METHOD_MATCH = YES;
				CODE_SIGN_IDENTITY = "iPhone Developer";
				COPY_PHASE_STRIP = NO;
				DEBUG_INFORMATION_FORMAT = "dwarf-with-dsym";
				ENABLE_NS_ASSERTIONS = NO;
				ENABLE_STRICT_OBJC_MSGSEND = YES;
				GCC_C_LANGUAGE_STANDARD = gnu11;
				GCC_NO_COMMON_BLOCKS = YES;
				GCC_WARN_64_TO_32_BIT_CONVERSION = YES;
				GCC_WARN_ABOUT_RETURN_TYPE = YES_ERROR;
				GCC_WARN_UNDECLARED_SELECTOR = YES;
				GCC_WARN_UNINITIALIZED_AUTOS = YES_AGGRESSIVE;
				GCC_WARN_UNUSED_FUNCTION = YES;
				GCC_WARN_UNUSED_VARIABLE = YES;
				IPHONEOS_DEPLOYMENT_TARGET = 11.0;
				MTL_ENABLE_DEBUG_INFO = NO;
				SDKROOT = iphoneos;
				SWIFT_OPTIMIZATION_LEVEL = "-Owholemodule";
				VALIDATE_PRODUCT = YES;
			};
			name = Release;
		};
		10EAECE21F2EB28500B7589A /* Debug */ = {
			isa = XCBuildConfiguration;
			buildSettings = {
				ASSETCATALOG_COMPILER_APPICON_NAME = AppIcon;
				INFOPLIST_FILE = EnumTableViewSection/Info.plist;
				LD_RUNPATH_SEARCH_PATHS = "$(inherited) @executable_path/Frameworks";
				PRODUCT_BUNDLE_IDENTIFIER = ChungSama.EnumTableViewSection;
				PRODUCT_NAME = "$(TARGET_NAME)";
				SWIFT_VERSION = 4.0;
				TARGETED_DEVICE_FAMILY = 1;
			};
			name = Debug;
		};
		10EAECE31F2EB28500B7589A /* Release */ = {
			isa = XCBuildConfiguration;
			buildSettings = {
				ASSETCATALOG_COMPILER_APPICON_NAME = AppIcon;
				INFOPLIST_FILE = EnumTableViewSection/Info.plist;
				LD_RUNPATH_SEARCH_PATHS = "$(inherited) @executable_path/Frameworks";
				PRODUCT_BUNDLE_IDENTIFIER = ChungSama.EnumTableViewSection;
				PRODUCT_NAME = "$(TARGET_NAME)";
				SWIFT_VERSION = 4.0;
				TARGETED_DEVICE_FAMILY = 1;
			};
			name = Release;
		};
/* End XCBuildConfiguration section */

/* Begin XCConfigurationList section */
		10EAECCA1F2EB28500B7589A /* Build configuration list for PBXProject "EnumTableViewSection" */ = {
			isa = XCConfigurationList;
			buildConfigurations = (
				10EAECDF1F2EB28500B7589A /* Debug */,
				10EAECE01F2EB28500B7589A /* Release */,
			);
			defaultConfigurationIsVisible = 0;
			defaultConfigurationName = Release;
		};
		10EAECE11F2EB28500B7589A /* Build configuration list for PBXNativeTarget "EnumTableViewSection" */ = {
			isa = XCConfigurationList;
			buildConfigurations = (
				10EAECE21F2EB28500B7589A /* Debug */,
				10EAECE31F2EB28500B7589A /* Release */,
			);
			defaultConfigurationIsVisible = 0;
		};
/* End XCConfigurationList section */
	};
	rootObject = 10EAECC71F2EB28500B7589A /* Project object */;
}
